// !$*UTF8*$!
{
	archiveVersion = 1;
	classes = {
	};
	objectVersion = 56;
	objects = {

/* Begin PBXBuildFile section */
		8057AA5A2A34F480004F6AB1 /* MVVMArchApp.swift in Sources */ = {isa = PBXBuildFile; fileRef = 8057AA592A34F480004F6AB1 /* MVVMArchApp.swift */; };
		8057AA5C2A34F480004F6AB1 /* ContentView.swift in Sources */ = {isa = PBXBuildFile; fileRef = 8057AA5B2A34F480004F6AB1 /* ContentView.swift */; };
		8057AA5E2A34F481004F6AB1 /* Assets.xcassets in Resources */ = {isa = PBXBuildFile; fileRef = 8057AA5D2A34F481004F6AB1 /* Assets.xcassets */; };
		8057AA612A34F481004F6AB1 /* Preview Assets.xcassets in Resources */ = {isa = PBXBuildFile; fileRef = 8057AA602A34F481004F6AB1 /* Preview Assets.xcassets */; };
		8057AA6B2A34F481004F6AB1 /* MVVMArchTests.swift in Sources */ = {isa = PBXBuildFile; fileRef = 8057AA6A2A34F481004F6AB1 /* MVVMArchTests.swift */; };
		8057AA752A34F481004F6AB1 /* MVVMArchUITests.swift in Sources */ = {isa = PBXBuildFile; fileRef = 8057AA742A34F481004F6AB1 /* MVVMArchUITests.swift */; };
		8057AA772A34F481004F6AB1 /* MVVMArchUITestsLaunchTests.swift in Sources */ = {isa = PBXBuildFile; fileRef = 8057AA762A34F481004F6AB1 /* MVVMArchUITestsLaunchTests.swift */; };
		8057AA852A34F58D004F6AB1 /* ItemModel.swift in Sources */ = {isa = PBXBuildFile; fileRef = 8057AA842A34F58D004F6AB1 /* ItemModel.swift */; };
		8057AA892A34FAA1004F6AB1 /* ItemsVM.swift in Sources */ = {isa = PBXBuildFile; fileRef = 8057AA882A34FAA1004F6AB1 /* ItemsVM.swift */; };
/* End PBXBuildFile section */

/* Begin PBXContainerItemProxy section */
		8057AA672A34F481004F6AB1 /* PBXContainerItemProxy */ = {
			isa = PBXContainerItemProxy;
			containerPortal = 8057AA4E2A34F480004F6AB1 /* Project object */;
			proxyType = 1;
			remoteGlobalIDString = 8057AA552A34F480004F6AB1;
			remoteInfo = MVVMArch;
		};
		8057AA712A34F481004F6AB1 /* PBXContainerItemProxy */ = {
			isa = PBXContainerItemProxy;
			containerPortal = 8057AA4E2A34F480004F6AB1 /* Project object */;
			proxyType = 1;
			remoteGlobalIDString = 8057AA552A34F480004F6AB1;
			remoteInfo = MVVMArch;
		};
/* End PBXContainerItemProxy section */

/* Begin PBXFileReference section */
		8057AA562A34F480004F6AB1 /* MVVMArch.app */ = {isa = PBXFileReference; explicitFileType = wrapper.application; includeInIndex = 0; path = MVVMArch.app; sourceTree = BUILT_PRODUCTS_DIR; };
		8057AA592A34F480004F6AB1 /* MVVMArchApp.swift */ = {isa = PBXFileReference; lastKnownFileType = sourcecode.swift; path = MVVMArchApp.swift; sourceTree = "<group>"; };
		8057AA5B2A34F480004F6AB1 /* ContentView.swift */ = {isa = PBXFileReference; lastKnownFileType = sourcecode.swift; path = ContentView.swift; sourceTree = "<group>"; };
		8057AA5D2A34F481004F6AB1 /* Assets.xcassets */ = {isa = PBXFileReference; lastKnownFileType = folder.assetcatalog; path = Assets.xcassets; sourceTree = "<group>"; };
		8057AA602A34F481004F6AB1 /* Preview Assets.xcassets */ = {isa = PBXFileReference; lastKnownFileType = folder.assetcatalog; path = "Preview Assets.xcassets"; sourceTree = "<group>"; };
		8057AA662A34F481004F6AB1 /* MVVMArchTests.xctest */ = {isa = PBXFileReference; explicitFileType = wrapper.cfbundle; includeInIndex = 0; path = MVVMArchTests.xctest; sourceTree = BUILT_PRODUCTS_DIR; };
		8057AA6A2A34F481004F6AB1 /* MVVMArchTests.swift */ = {isa = PBXFileReference; lastKnownFileType = sourcecode.swift; path = MVVMArchTests.swift; sourceTree = "<group>"; };
		8057AA702A34F481004F6AB1 /* MVVMArchUITests.xctest */ = {isa = PBXFileReference; explicitFileType = wrapper.cfbundle; includeInIndex = 0; path = MVVMArchUITests.xctest; sourceTree = BUILT_PRODUCTS_DIR; };
		8057AA742A34F481004F6AB1 /* MVVMArchUITests.swift */ = {isa = PBXFileReference; lastKnownFileType = sourcecode.swift; path = MVVMArchUITests.swift; sourceTree = "<group>"; };
		8057AA762A34F481004F6AB1 /* MVVMArchUITestsLaunchTests.swift */ = {isa = PBXFileReference; lastKnownFileType = sourcecode.swift; path = MVVMArchUITestsLaunchTests.swift; sourceTree = "<group>"; };
		8057AA842A34F58D004F6AB1 /* ItemModel.swift */ = {isa = PBXFileReference; lastKnownFileType = sourcecode.swift; path = ItemModel.swift; sourceTree = "<group>"; };
		8057AA882A34FAA1004F6AB1 /* ItemsVM.swift */ = {isa = PBXFileReference; lastKnownFileType = sourcecode.swift; path = ItemsVM.swift; sourceTree = "<group>"; };
/* End PBXFileReference section */

/* Begin PBXFrameworksBuildPhase section */
		8057AA532A34F480004F6AB1 /* Frameworks */ = {
			isa = PBXFrameworksBuildPhase;
			buildActionMask = 2147483647;
			files = (
			);
			runOnlyForDeploymentPostprocessing = 0;
		};
		8057AA632A34F481004F6AB1 /* Frameworks */ = {
			isa = PBXFrameworksBuildPhase;
			buildActionMask = 2147483647;
			files = (
			);
			runOnlyForDeploymentPostprocessing = 0;
		};
		8057AA6D2A34F481004F6AB1 /* Frameworks */ = {
			isa = PBXFrameworksBuildPhase;
			buildActionMask = 2147483647;
			files = (
			);
			runOnlyForDeploymentPostprocessing = 0;
		};
/* End PBXFrameworksBuildPhase section */

/* Begin PBXGroup section */
		8057AA4D2A34F480004F6AB1 = {
			isa = PBXGroup;
			children = (
				8057AA582A34F480004F6AB1 /* MVVMArch */,
				8057AA692A34F481004F6AB1 /* MVVMArchTests */,
				8057AA732A34F481004F6AB1 /* MVVMArchUITests */,
				8057AA572A34F480004F6AB1 /* Products */,
			);
			sourceTree = "<group>";
		};
		8057AA572A34F480004F6AB1 /* Products */ = {
			isa = PBXGroup;
			children = (
				8057AA562A34F480004F6AB1 /* MVVMArch.app */,
				8057AA662A34F481004F6AB1 /* MVVMArchTests.xctest */,
				8057AA702A34F481004F6AB1 /* MVVMArchUITests.xctest */,
			);
			name = Products;
			sourceTree = "<group>";
		};
		8057AA582A34F480004F6AB1 /* MVVMArch */ = {
			isa = PBXGroup;
			children = (
				8057AA872A34FA6F004F6AB1 /* ViewModel */,
				8057AA832A34F567004F6AB1 /* Model */,
				8057AA592A34F480004F6AB1 /* MVVMArchApp.swift */,
				8057AA5B2A34F480004F6AB1 /* ContentView.swift */,
				8057AA5D2A34F481004F6AB1 /* Assets.xcassets */,
				8057AA5F2A34F481004F6AB1 /* Preview Content */,
			);
			path = MVVMArch;
			sourceTree = "<group>";
		};
		8057AA5F2A34F481004F6AB1 /* Preview Content */ = {
			isa = PBXGroup;
			children = (
				8057AA602A34F481004F6AB1 /* Preview Assets.xcassets */,
			);
			path = "Preview Content";
			sourceTree = "<group>";
		};
		8057AA692A34F481004F6AB1 /* MVVMArchTests */ = {
			isa = PBXGroup;
			children = (
				8057AA6A2A34F481004F6AB1 /* MVVMArchTests.swift */,
			);
			path = MVVMArchTests;
			sourceTree = "<group>";
		};
		8057AA732A34F481004F6AB1 /* MVVMArchUITests */ = {
			isa = PBXGroup;
			children = (
				8057AA742A34F481004F6AB1 /* MVVMArchUITests.swift */,
				8057AA762A34F481004F6AB1 /* MVVMArchUITestsLaunchTests.swift */,
			);
			path = MVVMArchUITests;
			sourceTree = "<group>";
		};
		8057AA832A34F567004F6AB1 /* Model */ = {
			isa = PBXGroup;
			children = (
				8057AA842A34F58D004F6AB1 /* ItemModel.swift */,
			);
			path = Model;
			sourceTree = "<group>";
		};
		8057AA872A34FA6F004F6AB1 /* ViewModel */ = {
			isa = PBXGroup;
			children = (
				8057AA882A34FAA1004F6AB1 /* ItemsVM.swift */,
			);
			path = ViewModel;
			sourceTree = "<group>";
		};
/* End PBXGroup section */

/* Begin PBXNativeTarget section */
		8057AA552A34F480004F6AB1 /* MVVMArch */ = {
			isa = PBXNativeTarget;
			buildConfigurationList = 8057AA7A2A34F481004F6AB1 /* Build configuration list for PBXNativeTarget "MVVMArch" */;
			buildPhases = (
				8057AA522A34F480004F6AB1 /* Sources */,
				8057AA532A34F480004F6AB1 /* Frameworks */,
				8057AA542A34F480004F6AB1 /* Resources */,
			);
			buildRules = (
			);
			dependencies = (
			);
			name = MVVMArch;
			productName = MVVMArch;
			productReference = 8057AA562A34F480004F6AB1 /* MVVMArch.app */;
			productType = "com.apple.product-type.application";
		};
		8057AA652A34F481004F6AB1 /* MVVMArchTests */ = {
			isa = PBXNativeTarget;
			buildConfigurationList = 8057AA7D2A34F481004F6AB1 /* Build configuration list for PBXNativeTarget "MVVMArchTests" */;
			buildPhases = (
				8057AA622A34F481004F6AB1 /* Sources */,
				8057AA632A34F481004F6AB1 /* Frameworks */,
				8057AA642A34F481004F6AB1 /* Resources */,
			);
			buildRules = (
			);
			dependencies = (
				8057AA682A34F481004F6AB1 /* PBXTargetDependency */,
			);
			name = MVVMArchTests;
			productName = MVVMArchTests;
			productReference = 8057AA662A34F481004F6AB1 /* MVVMArchTests.xctest */;
			productType = "com.apple.product-type.bundle.unit-test";
		};
		8057AA6F2A34F481004F6AB1 /* MVVMArchUITests */ = {
			isa = PBXNativeTarget;
			buildConfigurationList = 8057AA802A34F481004F6AB1 /* Build configuration list for PBXNativeTarget "MVVMArchUITests" */;
			buildPhases = (
				8057AA6C2A34F481004F6AB1 /* Sources */,
				8057AA6D2A34F481004F6AB1 /* Frameworks */,
				8057AA6E2A34F481004F6AB1 /* Resources */,
			);
			buildRules = (
			);
			dependencies = (
				8057AA722A34F481004F6AB1 /* PBXTargetDependency */,
			);
			name = MVVMArchUITests;
			productName = MVVMArchUITests;
			productReference = 8057AA702A34F481004F6AB1 /* MVVMArchUITests.xctest */;
			productType = "com.apple.product-type.bundle.ui-testing";
		};
/* End PBXNativeTarget section */

/* Begin PBXProject section */
		8057AA4E2A34F480004F6AB1 /* Project object */ = {
			isa = PBXProject;
			attributes = {
				BuildIndependentTargetsInParallel = 1;
				LastSwiftUpdateCheck = 1430;
				LastUpgradeCheck = 1430;
				TargetAttributes = {
					8057AA552A34F480004F6AB1 = {
						CreatedOnToolsVersion = 14.3;
					};
					8057AA652A34F481004F6AB1 = {
						CreatedOnToolsVersion = 14.3;
						TestTargetID = 8057AA552A34F480004F6AB1;
					};
					8057AA6F2A34F481004F6AB1 = {
						CreatedOnToolsVersion = 14.3;
						TestTargetID = 8057AA552A34F480004F6AB1;
					};
				};
			};
			buildConfigurationList = 8057AA512A34F480004F6AB1 /* Build configuration list for PBXProject "MVVMArch" */;
			compatibilityVersion = "Xcode 14.0";
			developmentRegion = en;
			hasScannedForEncodings = 0;
			knownRegions = (
				en,
				Base,
			);
			mainGroup = 8057AA4D2A34F480004F6AB1;
			productRefGroup = 8057AA572A34F480004F6AB1 /* Products */;
			projectDirPath = "";
			projectRoot = "";
			targets = (
				8057AA552A34F480004F6AB1 /* MVVMArch */,
				8057AA652A34F481004F6AB1 /* MVVMArchTests */,
				8057AA6F2A34F481004F6AB1 /* MVVMArchUITests */,
			);
		};
/* End PBXProject section */

/* Begin PBXResourcesBuildPhase section */
		8057AA542A34F480004F6AB1 /* Resources */ = {
			isa = PBXResourcesBuildPhase;
			buildActionMask = 2147483647;
			files = (
				8057AA612A34F481004F6AB1 /* Preview Assets.xcassets in Resources */,
				8057AA5E2A34F481004F6AB1 /* Assets.xcassets in Resources */,
			);
			runOnlyForDeploymentPostprocessing = 0;
		};
		8057AA642A34F481004F6AB1 /* Resources */ = {
			isa = PBXResourcesBuildPhase;
			buildActionMask = 2147483647;
			files = (
			);
			runOnlyForDeploymentPostprocessing = 0;
		};
		8057AA6E2A34F481004F6AB1 /* Resources */ = {
			isa = PBXResourcesBuildPhase;
			buildActionMask = 2147483647;
			files = (
			);
			runOnlyForDeploymentPostprocessing = 0;
		};
/* End PBXResourcesBuildPhase section */

/* Begin PBXSourcesBuildPhase section */
		8057AA522A34F480004F6AB1 /* Sources */ = {
			isa = PBXSourcesBuildPhase;
			buildActionMask = 2147483647;
			files = (
				8057AA852A34F58D004F6AB1 /* ItemModel.swift in Sources */,
				8057AA892A34FAA1004F6AB1 /* ItemsVM.swift in Sources */,
				8057AA5C2A34F480004F6AB1 /* ContentView.swift in Sources */,
				8057AA5A2A34F480004F6AB1 /* MVVMArchApp.swift in Sources */,
			);
			runOnlyForDeploymentPostprocessing = 0;
		};
		8057AA622A34F481004F6AB1 /* Sources */ = {
			isa = PBXSourcesBuildPhase;
			buildActionMask = 2147483647;
			files = (
				8057AA6B2A34F481004F6AB1 /* MVVMArchTests.swift in Sources */,
			);
			runOnlyForDeploymentPostprocessing = 0;
		};
		8057AA6C2A34F481004F6AB1 /* Sources */ = {
			isa = PBXSourcesBuildPhase;
			buildActionMask = 2147483647;
			files = (
				8057AA772A34F481004F6AB1 /* MVVMArchUITestsLaunchTests.swift in Sources */,
				8057AA752A34F481004F6AB1 /* MVVMArchUITests.swift in Sources */,
			);
			runOnlyForDeploymentPostprocessing = 0;
		};
/* End PBXSourcesBuildPhase section */

/* Begin PBXTargetDependency section */
		8057AA682A34F481004F6AB1 /* PBXTargetDependency */ = {
			isa = PBXTargetDependency;
			target = 8057AA552A34F480004F6AB1 /* MVVMArch */;
			targetProxy = 8057AA672A34F481004F6AB1 /* PBXContainerItemProxy */;
		};
		8057AA722A34F481004F6AB1 /* PBXTargetDependency */ = {
			isa = PBXTargetDependency;
			target = 8057AA552A34F480004F6AB1 /* MVVMArch */;
			targetProxy = 8057AA712A34F481004F6AB1 /* PBXContainerItemProxy */;
		};
/* End PBXTargetDependency section */

/* Begin XCBuildConfiguration section */
		8057AA782A34F481004F6AB1 /* Debug */ = {
			isa = XCBuildConfiguration;
			buildSettings = {
				ALWAYS_SEARCH_USER_PATHS = NO;
				CLANG_ANALYZER_NONNULL = YES;
				CLANG_ANALYZER_NUMBER_OBJECT_CONVERSION = YES_AGGRESSIVE;
				CLANG_CXX_LANGUAGE_STANDARD = "gnu++20";
				CLANG_ENABLE_MODULES = YES;
				CLANG_ENABLE_OBJC_ARC = YES;
				CLANG_ENABLE_OBJC_WEAK = YES;
				CLANG_WARN_BLOCK_CAPTURE_AUTORELEASING = YES;
				CLANG_WARN_BOOL_CONVERSION = YES;
				CLANG_WARN_COMMA = YES;
				CLANG_WARN_CONSTANT_CONVERSION = YES;
				CLANG_WARN_DEPRECATED_OBJC_IMPLEMENTATIONS = YES;
				CLANG_WARN_DIRECT_OBJC_ISA_USAGE = YES_ERROR;
				CLANG_WARN_DOCUMENTATION_COMMENTS = YES;
				CLANG_WARN_EMPTY_BODY = YES;
				CLANG_WARN_ENUM_CONVERSION = YES;
				CLANG_WARN_INFINITE_RECURSION = YES;
				CLANG_WARN_INT_CONVERSION = YES;
				CLANG_WARN_NON_LITERAL_NULL_CONVERSION = YES;
				CLANG_WARN_OBJC_IMPLICIT_RETAIN_SELF = YES;
				CLANG_WARN_OBJC_LITERAL_CONVERSION = YES;
				CLANG_WARN_OBJC_ROOT_CLASS = YES_ERROR;
				CLANG_WARN_QUOTED_INCLUDE_IN_FRAMEWORK_HEADER = YES;
				CLANG_WARN_RANGE_LOOP_ANALYSIS = YES;
				CLANG_WARN_STRICT_PROTOTYPES = YES;
				CLANG_WARN_SUSPICIOUS_MOVE = YES;
				CLANG_WARN_UNGUARDED_AVAILABILITY = YES_AGGRESSIVE;
				CLANG_WARN_UNREACHABLE_CODE = YES;
				CLANG_WARN__DUPLICATE_METHOD_MATCH = YES;
				COPY_PHASE_STRIP = NO;
				DEBUG_INFORMATION_FORMAT = dwarf;
				ENABLE_STRICT_OBJC_MSGSEND = YES;
				ENABLE_TESTABILITY = YES;
				GCC_C_LANGUAGE_STANDARD = gnu11;
				GCC_DYNAMIC_NO_PIC = NO;
				GCC_NO_COMMON_BLOCKS = YES;
				GCC_OPTIMIZATION_LEVEL = 0;
				GCC_PREPROCESSOR_DEFINITIONS = (
					"DEBUG=1",
					"$(inherited)",
				);
				GCC_WARN_64_TO_32_BIT_CONVERSION = YES;
				GCC_WARN_ABOUT_RETURN_TYPE = YES_ERROR;
				GCC_WARN_UNDECLARED_SELECTOR = YES;
				GCC_WARN_UNINITIALIZED_AUTOS = YES_AGGRESSIVE;
				GCC_WARN_UNUSED_FUNCTION = YES;
				GCC_WARN_UNUSED_VARIABLE = YES;
				IPHONEOS_DEPLOYMENT_TARGET = 16.4;
				MTL_ENABLE_DEBUG_INFO = INCLUDE_SOURCE;
				MTL_FAST_MATH = YES;
				ONLY_ACTIVE_ARCH = YES;
				SDKROOT = iphoneos;
				SWIFT_ACTIVE_COMPILATION_CONDITIONS = DEBUG;
				SWIFT_OPTIMIZATION_LEVEL = "-Onone";
			};
			name = Debug;
		};
		8057AA792A34F481004F6AB1 /* Release */ = {
			isa = XCBuildConfiguration;
			buildSettings = {
				ALWAYS_SEARCH_USER_PATHS = NO;
				CLANG_ANALYZER_NONNULL = YES;
				CLANG_ANALYZER_NUMBER_OBJECT_CONVERSION = YES_AGGRESSIVE;
				CLANG_CXX_LANGUAGE_STANDARD = "gnu++20";
				CLANG_ENABLE_MODULES = YES;
				CLANG_ENABLE_OBJC_ARC = YES;
				CLANG_ENABLE_OBJC_WEAK = YES;
				CLANG_WARN_BLOCK_CAPTURE_AUTORELEASING = YES;
				CLANG_WARN_BOOL_CONVERSION = YES;
				CLANG_WARN_COMMA = YES;
				CLANG_WARN_CONSTANT_CONVERSION = YES;
				CLANG_WARN_DEPRECATED_OBJC_IMPLEMENTATIONS = YES;
				CLANG_WARN_DIRECT_OBJC_ISA_USAGE = YES_ERROR;
				CLANG_WARN_DOCUMENTATION_COMMENTS = YES;
				CLANG_WARN_EMPTY_BODY = YES;
				CLANG_WARN_ENUM_CONVERSION = YES;
				CLANG_WARN_INFINITE_RECURSION = YES;
				CLANG_WARN_INT_CONVERSION = YES;
				CLANG_WARN_NON_LITERAL_NULL_CONVERSION = YES;
				CLANG_WARN_OBJC_IMPLICIT_RETAIN_SELF = YES;
				CLANG_WARN_OBJC_LITERAL_CONVERSION = YES;
				CLANG_WARN_OBJC_ROOT_CLASS = YES_ERROR;
				CLANG_WARN_QUOTED_INCLUDE_IN_FRAMEWORK_HEADER = YES;
				CLANG_WARN_RANGE_LOOP_ANALYSIS = YES;
				CLANG_WARN_STRICT_PROTOTYPES = YES;
				CLANG_WARN_SUSPICIOUS_MOVE = YES;
				CLANG_WARN_UNGUARDED_AVAILABILITY = YES_AGGRESSIVE;
				CLANG_WARN_UNREACHABLE_CODE = YES;
				CLANG_WARN__DUPLICATE_METHOD_MATCH = YES;
				COPY_PHASE_STRIP = NO;
				DEBUG_INFORMATION_FORMAT = "dwarf-with-dsym";
				ENABLE_NS_ASSERTIONS = NO;
				ENABLE_STRICT_OBJC_MSGSEND = YES;
				GCC_C_LANGUAGE_STANDARD = gnu11;
				GCC_NO_COMMON_BLOCKS = YES;
				GCC_WARN_64_TO_32_BIT_CONVERSION = YES;
				GCC_WARN_ABOUT_RETURN_TYPE = YES_ERROR;
				GCC_WARN_UNDECLARED_SELECTOR = YES;
				GCC_WARN_UNINITIALIZED_AUTOS = YES_AGGRESSIVE;
				GCC_WARN_UNUSED_FUNCTION = YES;
				GCC_WARN_UNUSED_VARIABLE = YES;
				IPHONEOS_DEPLOYMENT_TARGET = 16.4;
				MTL_ENABLE_DEBUG_INFO = NO;
				MTL_FAST_MATH = YES;
				SDKROOT = iphoneos;
				SWIFT_COMPILATION_MODE = wholemodule;
				SWIFT_OPTIMIZATION_LEVEL = "-O";
				VALIDATE_PRODUCT = YES;
			};
			name = Release;
		};
		8057AA7B2A34F481004F6AB1 /* Debug */ = {
			isa = XCBuildConfiguration;
			buildSettings = {
				ASSETCATALOG_COMPILER_APPICON_NAME = AppIcon;
				ASSETCATALOG_COMPILER_GLOBAL_ACCENT_COLOR_NAME = AccentColor;
				CODE_SIGN_STYLE = Automatic;
				CURRENT_PROJECT_VERSION = 1;
				DEVELOPMENT_ASSET_PATHS = "\"MVVMArch/Preview Content\"";
				ENABLE_PREVIEWS = YES;
				GENERATE_INFOPLIST_FILE = YES;
				INFOPLIST_KEY_UIApplicationSceneManifest_Generation = YES;
				INFOPLIST_KEY_UIApplicationSupportsIndirectInputEvents = YES;
				INFOPLIST_KEY_UILaunchScreen_Generation = YES;
				INFOPLIST_KEY_UISupportedInterfaceOrientations_iPad = "UIInterfaceOrientationPortrait UIInterfaceOrientationPortraitUpsideDown UIInterfaceOrientationLandscapeLeft UIInterfaceOrientationLandscapeRight";
				INFOPLIST_KEY_UISupportedInterfaceOrientations_iPhone = "UIInterfaceOrientationPortrait UIInterfaceOrientationLandscapeLeft UIInterfaceOrientationLandscapeRight";
				LD_RUNPATH_SEARCH_PATHS = (
					"$(inherited)",
					"@executable_path/Frameworks",
				);
				MARKETING_VERSION = 1.0;
				PRODUCT_BUNDLE_IDENTIFIER = com.satheesh.MVVMArch;
				PRODUCT_NAME = "$(TARGET_NAME)";
				SWIFT_EMIT_LOC_STRINGS = YES;
				SWIFT_VERSION = 5.0;
				TARGETED_DEVICE_FAMILY = "1,2";
			};
			name = Debug;
		};
		8057AA7C2A34F481004F6AB1 /* Release */ = {
			isa = XCBuildConfiguration;
			buildSettings = {
				ASSETCATALOG_COMPILER_APPICON_NAME = AppIcon;
				ASSETCATALOG_COMPILER_GLOBAL_ACCENT_COLOR_NAME = AccentColor;
				CODE_SIGN_STYLE = Automatic;
				CURRENT_PROJECT_VERSION = 1;
				DEVELOPMENT_ASSET_PATHS = "\"MVVMArch/Preview Content\"";
				ENABLE_PREVIEWS = YES;
				GENERATE_INFOPLIST_FILE = YES;
				INFOPLIST_KEY_UIApplicationSceneManifest_Generation = YES;
				INFOPLIST_KEY_UIApplicationSupportsIndirectInputEvents = YES;
				INFOPLIST_KEY_UILaunchScreen_Generation = YES;
				INFOPLIST_KEY_UISupportedInterfaceOrientations_iPad = "UIInterfaceOrientationPortrait UIInterfaceOrientationPortraitUpsideDown UIInterfaceOrientationLandscapeLeft UIInterfaceOrientationLandscapeRight";
				INFOPLIST_KEY_UISupportedInterfaceOrientations_iPhone = "UIInterfaceOrientationPortrait UIInterfaceOrientationLandscapeLeft UIInterfaceOrientationLandscapeRight";
				LD_RUNPATH_SEARCH_PATHS = (
					"$(inherited)",
					"@executable_path/Frameworks",
				);
				MARKETING_VERSION = 1.0;
				PRODUCT_BUNDLE_IDENTIFIER = com.satheesh.MVVMArch;
				PRODUCT_NAME = "$(TARGET_NAME)";
				SWIFT_EMIT_LOC_STRINGS = YES;
				SWIFT_VERSION = 5.0;
				TARGETED_DEVICE_FAMILY = "1,2";
			};
			name = Release;
		};
		8057AA7E2A34F481004F6AB1 /* Debug */ = {
			isa = XCBuildConfiguration;
			buildSettings = {
				ALWAYS_EMBED_SWIFT_STANDARD_LIBRARIES = YES;
				BUNDLE_LOADER = "$(TEST_HOST)";
				CODE_SIGN_STYLE = Automatic;
				CURRENT_PROJECT_VERSION = 1;
				GENERATE_INFOPLIST_FILE = YES;
				IPHONEOS_DEPLOYMENT_TARGET = 16.4;
				MARKETING_VERSION = 1.0;
				PRODUCT_BUNDLE_IDENTIFIER = com.satheesh.MVVMArchTests;
				PRODUCT_NAME = "$(TARGET_NAME)";
				SWIFT_EMIT_LOC_STRINGS = NO;
				SWIFT_VERSION = 5.0;
				TARGETED_DEVICE_FAMILY = "1,2";
				TEST_HOST = "$(BUILT_PRODUCTS_DIR)/MVVMArch.app/$(BUNDLE_EXECUTABLE_FOLDER_PATH)/MVVMArch";
			};
			name = Debug;
		};
		8057AA7F2A34F481004F6AB1 /* Release */ = {
			isa = XCBuildConfiguration;
			buildSettings = {
				ALWAYS_EMBED_SWIFT_STANDARD_LIBRARIES = YES;
				BUNDLE_LOADER = "$(TEST_HOST)";
				CODE_SIGN_STYLE = Automatic;
				CURRENT_PROJECT_VERSION = 1;
				GENERATE_INFOPLIST_FILE = YES;
				IPHONEOS_DEPLOYMENT_TARGET = 16.4;
				MARKETING_VERSION = 1.0;
				PRODUCT_BUNDLE_IDENTIFIER = com.satheesh.MVVMArchTests;
				PRODUCT_NAME = "$(TARGET_NAME)";
				SWIFT_EMIT_LOC_STRINGS = NO;
				SWIFT_VERSION = 5.0;
				TARGETED_DEVICE_FAMILY = "1,2";
				TEST_HOST = "$(BUILT_PRODUCTS_DIR)/MVVMArch.app/$(BUNDLE_EXECUTABLE_FOLDER_PATH)/MVVMArch";
			};
			name = Release;
		};
		8057AA812A34F481004F6AB1 /* Debug */ = {
			isa = XCBuildConfiguration;
			buildSettings = {
				ALWAYS_EMBED_SWIFT_STANDARD_LIBRARIES = YES;
				CODE_SIGN_STYLE = Automatic;
				CURRENT_PROJECT_VERSION = 1;
				GENERATE_INFOPLIST_FILE = YES;
				MARKETING_VERSION = 1.0;
				PRODUCT_BUNDLE_IDENTIFIER = com.satheesh.MVVMArchUITests;
				PRODUCT_NAME = "$(TARGET_NAME)";
				SWIFT_EMIT_LOC_STRINGS = NO;
				SWIFT_VERSION = 5.0;
				TARGETED_DEVICE_FAMILY = "1,2";
				TEST_TARGET_NAME = MVVMArch;
			};
			name = Debug;
		};
		8057AA822A34F481004F6AB1 /* Release */ = {
			isa = XCBuildConfiguration;
			buildSettings = {
				ALWAYS_EMBED_SWIFT_STANDARD_LIBRARIES = YES;
				CODE_SIGN_STYLE = Automatic;
				CURRENT_PROJECT_VERSION = 1;
				GENERATE_INFOPLIST_FILE = YES;
				MARKETING_VERSION = 1.0;
				PRODUCT_BUNDLE_IDENTIFIER = com.satheesh.MVVMArchUITests;
				PRODUCT_NAME = "$(TARGET_NAME)";
				SWIFT_EMIT_LOC_STRINGS = NO;
				SWIFT_VERSION = 5.0;
				TARGETED_DEVICE_FAMILY = "1,2";
				TEST_TARGET_NAME = MVVMArch;
			};
			name = Release;
		};
/* End XCBuildConfiguration section */

/* Begin XCConfigurationList section */
		8057AA512A34F480004F6AB1 /* Build configuration list for PBXProject "MVVMArch" */ = {
			isa = XCConfigurationList;
			buildConfigurations = (
				8057AA782A34F481004F6AB1 /* Debug */,
				8057AA792A34F481004F6AB1 /* Release */,
			);
			defaultConfigurationIsVisible = 0;
			defaultConfigurationName = Release;
		};
		8057AA7A2A34F481004F6AB1 /* Build configuration list for PBXNativeTarget "MVVMArch" */ = {
			isa = XCConfigurationList;
			buildConfigurations = (
				8057AA7B2A34F481004F6AB1 /* Debug */,
				8057AA7C2A34F481004F6AB1 /* Release */,
			);
			defaultConfigurationIsVisible = 0;
			defaultConfigurationName = Release;
		};
		8057AA7D2A34F481004F6AB1 /* Build configuration list for PBXNativeTarget "MVVMArchTests" */ = {
			isa = XCConfigurationList;
			buildConfigurations = (
				8057AA7E2A34F481004F6AB1 /* Debug */,
				8057AA7F2A34F481004F6AB1 /* Release */,
			);
			defaultConfigurationIsVisible = 0;
			defaultConfigurationName = Release;
		};
		8057AA802A34F481004F6AB1 /* Build configuration list for PBXNativeTarget "MVVMArchUITests" */ = {
			isa = XCConfigurationList;
			buildConfigurations = (
				8057AA812A34F481004F6AB1 /* Debug */,
				8057AA822A34F481004F6AB1 /* Release */,
			);
			defaultConfigurationIsVisible = 0;
			defaultConfigurationName = Release;
		};
/* End XCConfigurationList section */
	};
	rootObject = 8057AA4E2A34F480004F6AB1 /* Project object */;
}
